dependencies:
- name: onelens-agent-base
  repository: oci://609916866699.dkr.ecr.ap-south-1.amazonaws.com/helm-charts
  version: 0.1.1-beta.2
- name: prometheus
  repository: https://prometheus-community.github.io/helm-charts
  version: 27.3.0
- name: prometheus-opencost-exporter
  repository: https://prometheus-community.github.io/helm-charts
  version: 0.1.1
digest: sha256:cb326ab5e6bb50dd741ceb026297a52205c339c5bfbb5278da36780ffb367c0c
generated: "2025-03-26T20:17:58.287146+05:30"
